// !$*UTF8*$!
{
	archiveVersion = 1;
	classes = {
	};
	objectVersion = 50;
	objects = {

/* Begin PBXBuildFile section */
		312E045B2121A7590009BD94 /* LastPageViewController.swift in Sources */ = {isa = PBXBuildFile; fileRef = 312E045A2121A7590009BD94 /* LastPageViewController.swift */; };
		312E466321209489008C39F6 /* scrolViewController.swift in Sources */ = {isa = PBXBuildFile; fileRef = 312E466221209489008C39F6 /* scrolViewController.swift */; };
		3193F11021205B99000E3C59 /* AppDelegate.swift in Sources */ = {isa = PBXBuildFile; fileRef = 3193F10F21205B99000E3C59 /* AppDelegate.swift */; };
		3193F11221205B99000E3C59 /* ViewController.swift in Sources */ = {isa = PBXBuildFile; fileRef = 3193F11121205B99000E3C59 /* ViewController.swift */; };
		3193F11521205B99000E3C59 /* Main.storyboard in Resources */ = {isa = PBXBuildFile; fileRef = 3193F11321205B99000E3C59 /* Main.storyboard */; };
		3193F11721205B9F000E3C59 /* Assets.xcassets in Resources */ = {isa = PBXBuildFile; fileRef = 3193F11621205B9F000E3C59 /* Assets.xcassets */; };
		3193F11A21205B9F000E3C59 /* LaunchScreen.storyboard in Resources */ = {isa = PBXBuildFile; fileRef = 3193F11821205B9F000E3C59 /* LaunchScreen.storyboard */; };
/* End PBXBuildFile section */

/* Begin PBXFileReference section */
		312E045A2121A7590009BD94 /* LastPageViewController.swift */ = {isa = PBXFileReference; lastKnownFileType = sourcecode.swift; path = LastPageViewController.swift; sourceTree = "<group>"; };
		312E466221209489008C39F6 /* scrolViewController.swift */ = {isa = PBXFileReference; lastKnownFileType = sourcecode.swift; path = scrolViewController.swift; sourceTree = "<group>"; };
		3193F10C21205B99000E3C59 /* HaytiDemo.app */ = {isa = PBXFileReference; explicitFileType = wrapper.application; includeInIndex = 0; path = HaytiDemo.app; sourceTree = BUILT_PRODUCTS_DIR; };
		3193F10F21205B99000E3C59 /* AppDelegate.swift */ = {isa = PBXFileReference; lastKnownFileType = sourcecode.swift; path = AppDelegate.swift; sourceTree = "<group>"; };
		3193F11121205B99000E3C59 /* ViewController.swift */ = {isa = PBXFileReference; lastKnownFileType = sourcecode.swift; path = ViewController.swift; sourceTree = "<group>"; };
		3193F11421205B99000E3C59 /* Base */ = {isa = PBXFileReference; lastKnownFileType = file.storyboard; name = Base; path = Base.lproj/Main.storyboard; sourceTree = "<group>"; };
		3193F11621205B9F000E3C59 /* Assets.xcassets */ = {isa = PBXFileReference; lastKnownFileType = folder.assetcatalog; path = Assets.xcassets; sourceTree = "<group>"; };
		3193F11921205B9F000E3C59 /* Base */ = {isa = PBXFileReference; lastKnownFileType = file.storyboard; name = Base; path = Base.lproj/LaunchScreen.storyboard; sourceTree = "<group>"; };
		3193F11B21205B9F000E3C59 /* Info.plist */ = {isa = PBXFileReference; lastKnownFileType = text.plist.xml; path = Info.plist; sourceTree = "<group>"; };
/* End PBXFileReference section */

/* Begin PBXFrameworksBuildPhase section */
		3193F10921205B99000E3C59 /* Frameworks */ = {
			isa = PBXFrameworksBuildPhase;
			buildActionMask = 2147483647;
			files = (
			);
			runOnlyForDeploymentPostprocessing = 0;
		};
/* End PBXFrameworksBuildPhase section */

/* Begin PBXGroup section */
		3193F10321205B99000E3C59 = {
			isa = PBXGroup;
			children = (
				3193F10E21205B99000E3C59 /* HaytiDemo */,
				3193F10D21205B99000E3C59 /* Products */,
			);
			sourceTree = "<group>";
		};
		3193F10D21205B99000E3C59 /* Products */ = {
			isa = PBXGroup;
			children = (
				3193F10C21205B99000E3C59 /* HaytiDemo.app */,
			);
			name = Products;
			sourceTree = "<group>";
		};
		3193F10E21205B99000E3C59 /* HaytiDemo */ = {
			isa = PBXGroup;
			children = (
				3193F10F21205B99000E3C59 /* AppDelegate.swift */,
				3193F11121205B99000E3C59 /* ViewController.swift */,
				312E466221209489008C39F6 /* scrolViewController.swift */,
				3193F11321205B99000E3C59 /* Main.storyboard */,
				312E045A2121A7590009BD94 /* LastPageViewController.swift */,
				3193F11621205B9F000E3C59 /* Assets.xcassets */,
				3193F11821205B9F000E3C59 /* LaunchScreen.storyboard */,
				3193F11B21205B9F000E3C59 /* Info.plist */,
			);
			path = HaytiDemo;
			sourceTree = "<group>";
		};
/* End PBXGroup section */

/* Begin PBXNativeTarget section */
		3193F10B21205B99000E3C59 /* HaytiDemo */ = {
			isa = PBXNativeTarget;
			buildConfigurationList = 3193F11E21205B9F000E3C59 /* Build configuration list for PBXNativeTarget "HaytiDemo" */;
			buildPhases = (
				3193F10821205B99000E3C59 /* Sources */,
				3193F10921205B99000E3C59 /* Frameworks */,
				3193F10A21205B99000E3C59 /* Resources */,
			);
			buildRules = (
			);
			dependencies = (
			);
			name = HaytiDemo;
			productName = HaytiDemo;
			productReference = 3193F10C21205B99000E3C59 /* HaytiDemo.app */;
			productType = "com.apple.product-type.application";
		};
/* End PBXNativeTarget section */

/* Begin PBXProject section */
		3193F10421205B99000E3C59 /* Project object */ = {
			isa = PBXProject;
			attributes = {
				LastSwiftUpdateCheck = 0940;
				LastUpgradeCheck = 0940;
				ORGANIZATIONNAME = tr;
				TargetAttributes = {
					3193F10B21205B99000E3C59 = {
						CreatedOnToolsVersion = 9.4.1;
					};
				};
			};
			buildConfigurationList = 3193F10721205B99000E3C59 /* Build configuration list for PBXProject "HaytiDemo" */;
			compatibilityVersion = "Xcode 9.3";
			developmentRegion = en;
			hasScannedForEncodings = 0;
			knownRegions = (
				en,
				Base,
			);
			mainGroup = 3193F10321205B99000E3C59;
			productRefGroup = 3193F10D21205B99000E3C59 /* Products */;
			projectDirPath = "";
			projectRoot = "";
			targets = (
				3193F10B21205B99000E3C59 /* HaytiDemo */,
			);
		};
/* End PBXProject section */

/* Begin PBXResourcesBuildPhase section */
		3193F10A21205B99000E3C59 /* Resources */ = {
			isa = PBXResourcesBuildPhase;
			buildActionMask = 2147483647;
			files = (
				3193F11A21205B9F000E3C59 /* LaunchScreen.storyboard in Resources */,
				3193F11721205B9F000E3C59 /* Assets.xcassets in Resources */,
				3193F11521205B99000E3C59 /* Main.storyboard in Resources */,
			);
			runOnlyForDeploymentPostprocessing = 0;
		};
/* End PBXResourcesBuildPhase section */

/* Begin PBXSourcesBuildPhase section */
		3193F10821205B99000E3C59 /* Sources */ = {
			isa = PBXSourcesBuildPhase;
			buildActionMask = 2147483647;
			files = (
				3193F11221205B99000E3C59 /* ViewController.swift in Sources */,
				312E466321209489008C39F6 /* scrolViewController.swift in Sources */,
				3193F11021205B99000E3C59 /* AppDelegate.swift in Sources */,
				312E045B2121A7590009BD94 /* LastPageViewController.swift in Sources */,
			);
			runOnlyForDeploymentPostprocessing = 0;
		};
/* End PBXSourcesBuildPhase section */

/* Begin PBXVariantGroup section */
		3193F11321205B99000E3C59 /* Main.storyboard */ = {
			isa = PBXVariantGroup;
			children = (
				3193F11421205B99000E3C59 /* Base */,
			);
			name = Main.storyboard;
			sourceTree = "<group>";
		};
		3193F11821205B9F000E3C59 /* LaunchScreen.storyboard */ = {
			isa = PBXVariantGroup;
			children = (
				3193F11921205B9F000E3C59 /* Base */,
			);
			name = LaunchScreen.storyboard;
			sourceTree = "<group>";
		};
/* End PBXVariantGroup section */

/* Begin XCBuildConfiguration section */
		3193F11C21205B9F000E3C59 /* Debug */ = {
			isa = XCBuildConfiguration;
			buildSettings = {
				ALWAYS_SEARCH_USER_PATHS = NO;
				CLANG_ANALYZER_NONNULL = YES;
				CLANG_ANALYZER_NUMBER_OBJECT_CONVERSION = YES_AGGRESSIVE;
				CLANG_CXX_LANGUAGE_STANDARD = "gnu++14";
				CLANG_CXX_LIBRARY = "libc++";
				CLANG_ENABLE_MODULES = YES;
				CLANG_ENABLE_OBJC_ARC = YES;
				CLANG_ENABLE_OBJC_WEAK = YES;
				CLANG_WARN_BLOCK_CAPTURE_AUTORELEASING = YES;
				CLANG_WARN_BOOL_CONVERSION = YES;
				CLANG_WARN_COMMA = YES;
				CLANG_WARN_CONSTANT_CONVERSION = YES;
				CLANG_WARN_DEPRECATED_OBJC_IMPLEMENTATIONS = YES;
				CLANG_WARN_DIRECT_OBJC_ISA_USAGE = YES_ERROR;
				CLANG_WARN_DOCUMENTATION_COMMENTS = YES;
				CLANG_WARN_EMPTY_BODY = YES;
				CLANG_WARN_ENUM_CONVERSION = YES;
				CLANG_WARN_INFINITE_RECURSION = YES;
				CLANG_WARN_INT_CONVERSION = YES;
				CLANG_WARN_NON_LITERAL_NULL_CONVERSION = YES;
				CLANG_WARN_OBJC_IMPLICIT_RETAIN_SELF = YES;
				CLANG_WARN_OBJC_LITERAL_CONVERSION = YES;
				CLANG_WARN_OBJC_ROOT_CLASS = YES_ERROR;
				CLANG_WARN_RANGE_LOOP_ANALYSIS = YES;
				CLANG_WARN_STRICT_PROTOTYPES = YES;
				CLANG_WARN_SUSPICIOUS_MOVE = YES;
				CLANG_WARN_UNGUARDED_AVAILABILITY = YES_AGGRESSIVE;
				CLANG_WARN_UNREACHABLE_CODE = YES;
				CLANG_WARN__DUPLICATE_METHOD_MATCH = YES;
				CODE_SIGN_IDENTITY = "iPhone Developer";
				COPY_PHASE_STRIP = NO;
				DEBUG_INFORMATION_FORMAT = dwarf;
				ENABLE_STRICT_OBJC_MSGSEND = YES;
				ENABLE_TESTABILITY = YES;
				GCC_C_LANGUAGE_STANDARD = gnu11;
				GCC_DYNAMIC_NO_PIC = NO;
				GCC_NO_COMMON_BLOCKS = YES;
				GCC_OPTIMIZATION_LEVEL = 0;
				GCC_PREPROCESSOR_DEFINITIONS = (
					"DEBUG=1",
					"$(inherited)",
				);
				GCC_WARN_64_TO_32_BIT_CONVERSION = YES;
				GCC_WARN_ABOUT_RETURN_TYPE = YES_ERROR;
				GCC_WARN_UNDECLARED_SELECTOR = YES;
				GCC_WARN_UNINITIALIZED_AUTOS = YES_AGGRESSIVE;
				GCC_WARN_UNUSED_FUNCTION = YES;
				GCC_WARN_UNUSED_VARIABLE = YES;
				IPHONEOS_DEPLOYMENT_TARGET = 11.4;
				MTL_ENABLE_DEBUG_INFO = YES;
				ONLY_ACTIVE_ARCH = YES;
				SDKROOT = iphoneos;
				SWIFT_ACTIVE_COMPILATION_CONDITIONS = DEBUG;
				SWIFT_OPTIMIZATION_LEVEL = "-Onone";
			};
			name = Debug;
		};
		3193F11D21205B9F000E3C59 /* Release */ = {
			isa = XCBuildConfiguration;
			buildSettings = {
				ALWAYS_SEARCH_USER_PATHS = NO;
				CLANG_ANALYZER_NONNULL = YES;
				CLANG_ANALYZER_NUMBER_OBJECT_CONVERSION = YES_AGGRESSIVE;
				CLANG_CXX_LANGUAGE_STANDARD = "gnu++14";
				CLANG_CXX_LIBRARY = "libc++";
				CLANG_ENABLE_MODULES = YES;
				CLANG_ENABLE_OBJC_ARC = YES;
				CLANG_ENABLE_OBJC_WEAK = YES;
				CLANG_WARN_BLOCK_CAPTURE_AUTORELEASING = YES;
				CLANG_WARN_BOOL_CONVERSION = YES;
				CLANG_WARN_COMMA = YES;
				CLANG_WARN_CONSTANT_CONVERSION = YES;
				CLANG_WARN_DEPRECATED_OBJC_IMPLEMENTATIONS = YES;
				CLANG_WARN_DIRECT_OBJC_ISA_USAGE = YES_ERROR;
				CLANG_WARN_DOCUMENTATION_COMMENTS = YES;
				CLANG_WARN_EMPTY_BODY = YES;
				CLANG_WARN_ENUM_CONVERSION = YES;
				CLANG_WARN_INFINITE_RECURSION = YES;
				CLANG_WARN_INT_CONVERSION = YES;
				CLANG_WARN_NON_LITERAL_NULL_CONVERSION = YES;
				CLANG_WARN_OBJC_IMPLICIT_RETAIN_SELF = YES;
				CLANG_WARN_OBJC_LITERAL_CONVERSION = YES;
				CLANG_WARN_OBJC_ROOT_CLASS = YES_ERROR;
				CLANG_WARN_RANGE_LOOP_ANALYSIS = YES;
				CLANG_WARN_STRICT_PROTOTYPES = YES;
				CLANG_WARN_SUSPICIOUS_MOVE = YES;
				CLANG_WARN_UNGUARDED_AVAILABILITY = YES_AGGRESSIVE;
				CLANG_WARN_UNREACHABLE_CODE = YES;
				CLANG_WARN__DUPLICATE_METHOD_MATCH = YES;
				CODE_SIGN_IDENTITY = "iPhone Developer";
				COPY_PHASE_STRIP = NO;
				DEBUG_INFORMATION_FORMAT = "dwarf-with-dsym";
				ENABLE_NS_ASSERTIONS = NO;
				ENABLE_STRICT_OBJC_MSGSEND = YES;
				GCC_C_LANGUAGE_STANDARD = gnu11;
				GCC_NO_COMMON_BLOCKS = YES;
				GCC_WARN_64_TO_32_BIT_CONVERSION = YES;
				GCC_WARN_ABOUT_RETURN_TYPE = YES_ERROR;
				GCC_WARN_UNDECLARED_SELECTOR = YES;
				GCC_WARN_UNINITIALIZED_AUTOS = YES_AGGRESSIVE;
				GCC_WARN_UNUSED_FUNCTION = YES;
				GCC_WARN_UNUSED_VARIABLE = YES;
				IPHONEOS_DEPLOYMENT_TARGET = 11.4;
				MTL_ENABLE_DEBUG_INFO = NO;
				SDKROOT = iphoneos;
				SWIFT_COMPILATION_MODE = wholemodule;
				SWIFT_OPTIMIZATION_LEVEL = "-O";
				VALIDATE_PRODUCT = YES;
			};
			name = Release;
		};
		3193F11F21205B9F000E3C59 /* Debug */ = {
			isa = XCBuildConfiguration;
			buildSettings = {
				ASSETCATALOG_COMPILER_APPICON_NAME = AppIcon;
				CODE_SIGN_STYLE = Automatic;
				INFOPLIST_FILE = HaytiDemo/Info.plist;
				LD_RUNPATH_SEARCH_PATHS = (
					"$(inherited)",
					"@executable_path/Frameworks",
				);
				PRODUCT_BUNDLE_IDENTIFIER = v.HaytiDemo;
				PRODUCT_NAME = "$(TARGET_NAME)";
				SWIFT_VERSION = 4.0;
				TARGETED_DEVICE_FAMILY = "1,2";
			};
			name = Debug;
		};
		3193F12021205B9F000E3C59 /* Release */ = {
			isa = XCBuildConfiguration;
			buildSettings = {
				ASSETCATALOG_COMPILER_APPICON_NAME = AppIcon;
				CODE_SIGN_STYLE = Automatic;
				INFOPLIST_FILE = HaytiDemo/Info.plist;
				LD_RUNPATH_SEARCH_PATHS = (
					"$(inherited)",
					"@executable_path/Frameworks",
				);
				PRODUCT_BUNDLE_IDENTIFIER = v.HaytiDemo;
				PRODUCT_NAME = "$(TARGET_NAME)";
				SWIFT_VERSION = 4.0;
				TARGETED_DEVICE_FAMILY = "1,2";
			};
			name = Release;
		};
/* End XCBuildConfiguration section */

/* Begin XCConfigurationList section */
		3193F10721205B99000E3C59 /* Build configuration list for PBXProject "HaytiDemo" */ = {
			isa = XCConfigurationList;
			buildConfigurations = (
				3193F11C21205B9F000E3C59 /* Debug */,
				3193F11D21205B9F000E3C59 /* Release */,
			);
			defaultConfigurationIsVisible = 0;
			defaultConfigurationName = Release;
		};
		3193F11E21205B9F000E3C59 /* Build configuration list for PBXNativeTarget "HaytiDemo" */ = {
			isa = XCConfigurationList;
			buildConfigurations = (
				3193F11F21205B9F000E3C59 /* Debug */,
				3193F12021205B9F000E3C59 /* Release */,
			);
			defaultConfigurationIsVisible = 0;
			defaultConfigurationName = Release;
		};
/* End XCConfigurationList section */
	};
	rootObject = 3193F10421205B99000E3C59 /* Project object */;
}
